
Microsoft Visual Studio Solution File, Format Version 12.00
# Visual Studio Version 17
VisualStudioVersion = 17.12.35527.113 d17.12
MinimumVisualStudioVersion = 10.0.40219.1
Project("{FAE04EC0-301F-11D3-BF4B-00C04F79EFBC}") = "AbstractionPractice", "AbstractionPractice\AbstractionPractice.csproj", "{B557C6F1-9AF7-44B6-8EAF-53CB23307FEA}"
EndProject
Global
	GlobalSection(SolutionConfigurationPlatforms) = preSolution
		Debug|Any CPU = Debug|Any CPU
		Release|Any CPU = Release|Any CPU
	EndGlobalSection
	GlobalSection(ProjectConfigurationPlatforms) = postSolution
		{B557C6F1-9AF7-44B6-8EAF-53CB23307FEA}.Debug|Any CPU.ActiveCfg = Debug|Any CPU
		{B557C6F1-9AF7-44B6-8EAF-53CB23307FEA}.Debug|Any CPU.Build.0 = Debug|Any CPU
		{B557C6F1-9AF7-44B6-8EAF-53CB23307FEA}.Release|Any CPU.ActiveCfg = Release|Any CPU
		{B557C6F1-9AF7-44B6-8EAF-53CB23307FEA}.Release|Any CPU.Build.0 = Release|Any CPU
	EndGlobalSection
	GlobalSection(SolutionProperties) = preSolution
		HideSolutionNode = FALSE
	EndGlobalSection
EndGlobal
